
Microsoft Visual Studio Solution File, Format Version 12.00
# Visual Studio Version 17
VisualStudioVersion = 17.9.34321.82
MinimumVisualStudioVersion = 10.0.40219.1
Project("{FAE04EC0-301F-11D3-BF4B-00C04F79EFBC}") = "HighCode.Presentation", "HighCode.Presentation\HighCode.Presentation.csproj", "{59E638DC-5752-4758-9776-6BECF3224FA5}"
EndProject
Global
	GlobalSection(SolutionConfigurationPlatforms) = preSolution
		Debug|Any CPU = Debug|Any CPU
		Release|Any CPU = Release|Any CPU
	EndGlobalSection
	GlobalSection(ProjectConfigurationPlatforms) = postSolution
		{59E638DC-5752-4758-9776-6BECF3224FA5}.Debug|Any CPU.ActiveCfg = Debug|Any CPU
		{59E638DC-5752-4758-9776-6BECF3224FA5}.Debug|Any CPU.Build.0 = Debug|Any CPU
		{59E638DC-5752-4758-9776-6BECF3224FA5}.Release|Any CPU.ActiveCfg = Release|Any CPU
		{59E638DC-5752-4758-9776-6BECF3224FA5}.Release|Any CPU.Build.0 = Release|Any CPU
	EndGlobalSection
	GlobalSection(SolutionProperties) = preSolution
		HideSolutionNode = FALSE
	EndGlobalSection
	GlobalSection(ExtensibilityGlobals) = postSolution
		SolutionGuid = {559A6019-2EE5-4BCA-A6DB-EFB35E69C17C}
	EndGlobalSection
EndGlobal
